
Microsoft Visual Studio Solution File, Format Version 12.00
# Visual Studio Version 16
VisualStudioVersion = 16.0.30320.27
MinimumVisualStudioVersion = 10.0.40219.1
Project("{FAE04EC0-301F-11D3-BF4B-00C04F79EFBC}") = "Test", "Test\Test.csproj", "{F7236538-789F-4DAD-A0C4-F35DABE5C712}"
EndProject
Project("{FAE04EC0-301F-11D3-BF4B-00C04F79EFBC}") = "Test.Services", "Test.Services\Test.Services.csproj", "{6B9547B6-9002-46F5-A9F3-42EB791A0F9F}"
EndProject
Project("{FAE04EC0-301F-11D3-BF4B-00C04F79EFBC}") = "Test.Tests", "Test.Tests\Test.Tests.csproj", "{410AA6E8-3314-473D-A90E-09958A3176B4}"
EndProject
Global
	GlobalSection(SolutionConfigurationPlatforms) = preSolution
		Debug|Any CPU = Debug|Any CPU
		Release|Any CPU = Release|Any CPU
	EndGlobalSection
	GlobalSection(ProjectConfigurationPlatforms) = postSolution
		{F7236538-789F-4DAD-A0C4-F35DABE5C712}.Debug|Any CPU.ActiveCfg = Debug|Any CPU
		{F7236538-789F-4DAD-A0C4-F35DABE5C712}.Debug|Any CPU.Build.0 = Debug|Any CPU
		{F7236538-789F-4DAD-A0C4-F35DABE5C712}.Release|Any CPU.ActiveCfg = Release|Any CPU
		{F7236538-789F-4DAD-A0C4-F35DABE5C712}.Release|Any CPU.Build.0 = Release|Any CPU
		{6B9547B6-9002-46F5-A9F3-42EB791A0F9F}.Debug|Any CPU.ActiveCfg = Debug|Any CPU
		{6B9547B6-9002-46F5-A9F3-42EB791A0F9F}.Debug|Any CPU.Build.0 = Debug|Any CPU
		{6B9547B6-9002-46F5-A9F3-42EB791A0F9F}.Release|Any CPU.ActiveCfg = Release|Any CPU
		{6B9547B6-9002-46F5-A9F3-42EB791A0F9F}.Release|Any CPU.Build.0 = Release|Any CPU
		{410AA6E8-3314-473D-A90E-09958A3176B4}.Debug|Any CPU.ActiveCfg = Debug|Any CPU
		{410AA6E8-3314-473D-A90E-09958A3176B4}.Debug|Any CPU.Build.0 = Debug|Any CPU
		{410AA6E8-3314-473D-A90E-09958A3176B4}.Release|Any CPU.ActiveCfg = Release|Any CPU
		{410AA6E8-3314-473D-A90E-09958A3176B4}.Release|Any CPU.Build.0 = Release|Any CPU
	EndGlobalSection
	GlobalSection(SolutionProperties) = preSolution
		HideSolutionNode = FALSE
	EndGlobalSection
	GlobalSection(ExtensibilityGlobals) = postSolution
		SolutionGuid = {18CF70AF-85FB-4BF6-8E03-F823EE57E971}
	EndGlobalSection
EndGlobal
